// !$*UTF8*$!
{
	archiveVersion = 1;
	classes = {
	};
	objectVersion = 50;
	objects = {

/* Begin PBXBuildFile section */
		40C0F608CB2ABE1D546E3AB2 /* Pods_HelloAMS.framework in Frameworks */ = {isa = PBXBuildFile; fileRef = C22288BA251FCB44EC5117AA /* Pods_HelloAMS.framework */; };
		4B7858BC23A7EC410003F64C /* AppDelegate.swift in Sources */ = {isa = PBXBuildFile; fileRef = 4B7858BB23A7EC410003F64C /* AppDelegate.swift */; };
		4B7858BE23A7EC410003F64C /* ViewController.swift in Sources */ = {isa = PBXBuildFile; fileRef = 4B7858BD23A7EC410003F64C /* ViewController.swift */; };
		4B7858C123A7EC410003F64C /* Main.storyboard in Resources */ = {isa = PBXBuildFile; fileRef = 4B7858BF23A7EC410003F64C /* Main.storyboard */; };
		4B7858C323A7EC470003F64C /* Assets.xcassets in Resources */ = {isa = PBXBuildFile; fileRef = 4B7858C223A7EC470003F64C /* Assets.xcassets */; };
		4B7858C623A7EC470003F64C /* LaunchScreen.storyboard in Resources */ = {isa = PBXBuildFile; fileRef = 4B7858C423A7EC470003F64C /* LaunchScreen.storyboard */; };
/* End PBXBuildFile section */

/* Begin PBXFileReference section */
		4B7858B823A7EC410003F64C /* HelloAMS.app */ = {isa = PBXFileReference; explicitFileType = wrapper.application; includeInIndex = 0; path = HelloAMS.app; sourceTree = BUILT_PRODUCTS_DIR; };
		4B7858BB23A7EC410003F64C /* AppDelegate.swift */ = {isa = PBXFileReference; lastKnownFileType = sourcecode.swift; path = AppDelegate.swift; sourceTree = "<group>"; };
		4B7858BD23A7EC410003F64C /* ViewController.swift */ = {isa = PBXFileReference; lastKnownFileType = sourcecode.swift; path = ViewController.swift; sourceTree = "<group>"; };
		4B7858C023A7EC410003F64C /* Base */ = {isa = PBXFileReference; lastKnownFileType = file.storyboard; name = Base; path = Base.lproj/Main.storyboard; sourceTree = "<group>"; };
		4B7858C223A7EC470003F64C /* Assets.xcassets */ = {isa = PBXFileReference; lastKnownFileType = folder.assetcatalog; path = Assets.xcassets; sourceTree = "<group>"; };
		4B7858C523A7EC470003F64C /* Base */ = {isa = PBXFileReference; lastKnownFileType = file.storyboard; name = Base; path = Base.lproj/LaunchScreen.storyboard; sourceTree = "<group>"; };
		4B7858C723A7EC470003F64C /* Info.plist */ = {isa = PBXFileReference; lastKnownFileType = text.plist.xml; path = Info.plist; sourceTree = "<group>"; };
		9FD4DD9E5A6EF1FF99C59E62 /* Pods-HelloAMS.debug.xcconfig */ = {isa = PBXFileReference; includeInIndex = 1; lastKnownFileType = text.xcconfig; name = "Pods-HelloAMS.debug.xcconfig"; path = "Target Support Files/Pods-HelloAMS/Pods-HelloAMS.debug.xcconfig"; sourceTree = "<group>"; };
		C22288BA251FCB44EC5117AA /* Pods_HelloAMS.framework */ = {isa = PBXFileReference; explicitFileType = wrapper.framework; includeInIndex = 0; path = Pods_HelloAMS.framework; sourceTree = BUILT_PRODUCTS_DIR; };
		F06B16D4971C1FA383A8BA21 /* Pods-HelloAMS.release.xcconfig */ = {isa = PBXFileReference; includeInIndex = 1; lastKnownFileType = text.xcconfig; name = "Pods-HelloAMS.release.xcconfig"; path = "Target Support Files/Pods-HelloAMS/Pods-HelloAMS.release.xcconfig"; sourceTree = "<group>"; };
/* End PBXFileReference section */

/* Begin PBXFrameworksBuildPhase section */
		4B7858B523A7EC410003F64C /* Frameworks */ = {
			isa = PBXFrameworksBuildPhase;
			buildActionMask = 2147483647;
			files = (
				40C0F608CB2ABE1D546E3AB2 /* Pods_HelloAMS.framework in Frameworks */,
			);
			runOnlyForDeploymentPostprocessing = 0;
		};
/* End PBXFrameworksBuildPhase section */

/* Begin PBXGroup section */
		4B7858AF23A7EC410003F64C = {
			isa = PBXGroup;
			children = (
				4B7858BA23A7EC410003F64C /* HelloAMS */,
				4B7858B923A7EC410003F64C /* Products */,
				8A9F3A3E9AE2D6E353BAC43E /* Pods */,
				5D73343A6CBB8178658DD5B7 /* Frameworks */,
			);
			sourceTree = "<group>";
		};
		4B7858B923A7EC410003F64C /* Products */ = {
			isa = PBXGroup;
			children = (
				4B7858B823A7EC410003F64C /* HelloAMS.app */,
			);
			name = Products;
			sourceTree = "<group>";
		};
		4B7858BA23A7EC410003F64C /* HelloAMS */ = {
			isa = PBXGroup;
			children = (
				4B7858BB23A7EC410003F64C /* AppDelegate.swift */,
				4B7858BD23A7EC410003F64C /* ViewController.swift */,
				4B7858BF23A7EC410003F64C /* Main.storyboard */,
				4B7858C223A7EC470003F64C /* Assets.xcassets */,
				4B7858C423A7EC470003F64C /* LaunchScreen.storyboard */,
				4B7858C723A7EC470003F64C /* Info.plist */,
			);
			path = HelloAMS;
			sourceTree = "<group>";
		};
		5D73343A6CBB8178658DD5B7 /* Frameworks */ = {
			isa = PBXGroup;
			children = (
				C22288BA251FCB44EC5117AA /* Pods_HelloAMS.framework */,
			);
			name = Frameworks;
			sourceTree = "<group>";
		};
		8A9F3A3E9AE2D6E353BAC43E /* Pods */ = {
			isa = PBXGroup;
			children = (
				9FD4DD9E5A6EF1FF99C59E62 /* Pods-HelloAMS.debug.xcconfig */,
				F06B16D4971C1FA383A8BA21 /* Pods-HelloAMS.release.xcconfig */,
			);
			name = Pods;
			path = Pods;
			sourceTree = "<group>";
		};
/* End PBXGroup section */

/* Begin PBXNativeTarget section */
		4B7858B723A7EC410003F64C /* HelloAMS */ = {
			isa = PBXNativeTarget;
			buildConfigurationList = 4B7858CA23A7EC470003F64C /* Build configuration list for PBXNativeTarget "HelloAMS" */;
			buildPhases = (
				42F308CF0986DD611AC3C6ED /* [CP] Check Pods Manifest.lock */,
				4B7858B423A7EC410003F64C /* Sources */,
				4B7858B523A7EC410003F64C /* Frameworks */,
				4B7858B623A7EC410003F64C /* Resources */,
				009E5D88075CEB5E5B64A52B /* [CP] Embed Pods Frameworks */,
			);
			buildRules = (
			);
			dependencies = (
			);
			name = HelloAMS;
			productName = HelloAMS;
			productReference = 4B7858B823A7EC410003F64C /* HelloAMS.app */;
			productType = "com.apple.product-type.application";
		};
/* End PBXNativeTarget section */

/* Begin PBXProject section */
		4B7858B023A7EC410003F64C /* Project object */ = {
			isa = PBXProject;
			attributes = {
				LastSwiftUpdateCheck = 1030;
				LastUpgradeCheck = 1030;
				ORGANIZATIONNAME = "Jakub Bogunia";
				TargetAttributes = {
					4B7858B723A7EC410003F64C = {
						CreatedOnToolsVersion = 10.3;
					};
				};
			};
			buildConfigurationList = 4B7858B323A7EC410003F64C /* Build configuration list for PBXProject "HelloAMS" */;
			compatibilityVersion = "Xcode 9.3";
			developmentRegion = en;
			hasScannedForEncodings = 0;
			knownRegions = (
				en,
				Base,
			);
			mainGroup = 4B7858AF23A7EC410003F64C;
			productRefGroup = 4B7858B923A7EC410003F64C /* Products */;
			projectDirPath = "";
			projectRoot = "";
			targets = (
				4B7858B723A7EC410003F64C /* HelloAMS */,
			);
		};
/* End PBXProject section */

/* Begin PBXResourcesBuildPhase section */
		4B7858B623A7EC410003F64C /* Resources */ = {
			isa = PBXResourcesBuildPhase;
			buildActionMask = 2147483647;
			files = (
				4B7858C623A7EC470003F64C /* LaunchScreen.storyboard in Resources */,
				4B7858C323A7EC470003F64C /* Assets.xcassets in Resources */,
				4B7858C123A7EC410003F64C /* Main.storyboard in Resources */,
			);
			runOnlyForDeploymentPostprocessing = 0;
		};
/* End PBXResourcesBuildPhase section */

/* Begin PBXShellScriptBuildPhase section */
		009E5D88075CEB5E5B64A52B /* [CP] Embed Pods Frameworks */ = {
			isa = PBXShellScriptBuildPhase;
			buildActionMask = 2147483647;
			files = (
			);
			inputFileListPaths = (
				"${PODS_ROOT}/Target Support Files/Pods-HelloAMS/Pods-HelloAMS-frameworks-${CONFIGURATION}-input-files.xcfilelist",
			);
			name = "[CP] Embed Pods Frameworks";
			outputFileListPaths = (
				"${PODS_ROOT}/Target Support Files/Pods-HelloAMS/Pods-HelloAMS-frameworks-${CONFIGURATION}-output-files.xcfilelist",
			);
			runOnlyForDeploymentPostprocessing = 0;
			shellPath = /bin/sh;
			shellScript = "\"${PODS_ROOT}/Target Support Files/Pods-HelloAMS/Pods-HelloAMS-frameworks.sh\"\n";
			showEnvVarsInLog = 0;
		};
		42F308CF0986DD611AC3C6ED /* [CP] Check Pods Manifest.lock */ = {
			isa = PBXShellScriptBuildPhase;
			buildActionMask = 2147483647;
			files = (
			);
			inputFileListPaths = (
			);
			inputPaths = (
				"${PODS_PODFILE_DIR_PATH}/Podfile.lock",
				"${PODS_ROOT}/Manifest.lock",
			);
			name = "[CP] Check Pods Manifest.lock";
			outputFileListPaths = (
			);
			outputPaths = (
				"$(DERIVED_FILE_DIR)/Pods-HelloAMS-checkManifestLockResult.txt",
			);
			runOnlyForDeploymentPostprocessing = 0;
			shellPath = /bin/sh;
			shellScript = "diff \"${PODS_PODFILE_DIR_PATH}/Podfile.lock\" \"${PODS_ROOT}/Manifest.lock\" > /dev/null\nif [ $? != 0 ] ; then\n    # print error to STDERR\n    echo \"error: The sandbox is not in sync with the Podfile.lock. Run 'pod install' or update your CocoaPods installation.\" >&2\n    exit 1\nfi\n# This output is used by Xcode 'outputs' to avoid re-running this script phase.\necho \"SUCCESS\" > \"${SCRIPT_OUTPUT_FILE_0}\"\n";
			showEnvVarsInLog = 0;
		};
/* End PBXShellScriptBuildPhase section */

/* Begin PBXSourcesBuildPhase section */
		4B7858B423A7EC410003F64C /* Sources */ = {
			isa = PBXSourcesBuildPhase;
			buildActionMask = 2147483647;
			files = (
				4B7858BE23A7EC410003F64C /* ViewController.swift in Sources */,
				4B7858BC23A7EC410003F64C /* AppDelegate.swift in Sources */,
			);
			runOnlyForDeploymentPostprocessing = 0;
		};
/* End PBXSourcesBuildPhase section */

/* Begin PBXVariantGroup section */
		4B7858BF23A7EC410003F64C /* Main.storyboard */ = {
			isa = PBXVariantGroup;
			children = (
				4B7858C023A7EC410003F64C /* Base */,
			);
			name = Main.storyboard;
			sourceTree = "<group>";
		};
		4B7858C423A7EC470003F64C /* LaunchScreen.storyboard */ = {
			isa = PBXVariantGroup;
			children = (
				4B7858C523A7EC470003F64C /* Base */,
			);
			name = LaunchScreen.storyboard;
			sourceTree = "<group>";
		};
/* End PBXVariantGroup section */

/* Begin XCBuildConfiguration section */
		4B7858C823A7EC470003F64C /* Debug */ = {
			isa = XCBuildConfiguration;
			buildSettings = {
				ALWAYS_SEARCH_USER_PATHS = NO;
				CLANG_ANALYZER_NONNULL = YES;
				CLANG_ANALYZER_NUMBER_OBJECT_CONVERSION = YES_AGGRESSIVE;
				CLANG_CXX_LANGUAGE_STANDARD = "gnu++14";
				CLANG_CXX_LIBRARY = "libc++";
				CLANG_ENABLE_MODULES = YES;
				CLANG_ENABLE_OBJC_ARC = YES;
				CLANG_ENABLE_OBJC_WEAK = YES;
				CLANG_WARN_BLOCK_CAPTURE_AUTORELEASING = YES;
				CLANG_WARN_BOOL_CONVERSION = YES;
				CLANG_WARN_COMMA = YES;
				CLANG_WARN_CONSTANT_CONVERSION = YES;
				CLANG_WARN_DEPRECATED_OBJC_IMPLEMENTATIONS = YES;
				CLANG_WARN_DIRECT_OBJC_ISA_USAGE = YES_ERROR;
				CLANG_WARN_DOCUMENTATION_COMMENTS = YES;
				CLANG_WARN_EMPTY_BODY = YES;
				CLANG_WARN_ENUM_CONVERSION = YES;
				CLANG_WARN_INFINITE_RECURSION = YES;
				CLANG_WARN_INT_CONVERSION = YES;
				CLANG_WARN_NON_LITERAL_NULL_CONVERSION = YES;
				CLANG_WARN_OBJC_IMPLICIT_RETAIN_SELF = YES;
				CLANG_WARN_OBJC_LITERAL_CONVERSION = YES;
				CLANG_WARN_OBJC_ROOT_CLASS = YES_ERROR;
				CLANG_WARN_RANGE_LOOP_ANALYSIS = YES;
				CLANG_WARN_STRICT_PROTOTYPES = YES;
				CLANG_WARN_SUSPICIOUS_MOVE = YES;
				CLANG_WARN_UNGUARDED_AVAILABILITY = YES_AGGRESSIVE;
				CLANG_WARN_UNREACHABLE_CODE = YES;
				CLANG_WARN__DUPLICATE_METHOD_MATCH = YES;
				CODE_SIGN_IDENTITY = "iPhone Developer";
				COPY_PHASE_STRIP = NO;
				DEBUG_INFORMATION_FORMAT = dwarf;
				ENABLE_STRICT_OBJC_MSGSEND = YES;
				ENABLE_TESTABILITY = YES;
				GCC_C_LANGUAGE_STANDARD = gnu11;
				GCC_DYNAMIC_NO_PIC = NO;
				GCC_NO_COMMON_BLOCKS = YES;
				GCC_OPTIMIZATION_LEVEL = 0;
				GCC_PREPROCESSOR_DEFINITIONS = (
					"DEBUG=1",
					"$(inherited)",
				);
				GCC_WARN_64_TO_32_BIT_CONVERSION = YES;
				GCC_WARN_ABOUT_RETURN_TYPE = YES_ERROR;
				GCC_WARN_UNDECLARED_SELECTOR = YES;
				GCC_WARN_UNINITIALIZED_AUTOS = YES_AGGRESSIVE;
				GCC_WARN_UNUSED_FUNCTION = YES;
				GCC_WARN_UNUSED_VARIABLE = YES;
				IPHONEOS_DEPLOYMENT_TARGET = 12.4;
				MTL_ENABLE_DEBUG_INFO = INCLUDE_SOURCE;
				MTL_FAST_MATH = YES;
				ONLY_ACTIVE_ARCH = YES;
				SDKROOT = iphoneos;
				SWIFT_ACTIVE_COMPILATION_CONDITIONS = DEBUG;
				SWIFT_OPTIMIZATION_LEVEL = "-Onone";
			};
			name = Debug;
		};
		4B7858C923A7EC470003F64C /* Release */ = {
			isa = XCBuildConfiguration;
			buildSettings = {
				ALWAYS_SEARCH_USER_PATHS = NO;
				CLANG_ANALYZER_NONNULL = YES;
				CLANG_ANALYZER_NUMBER_OBJECT_CONVERSION = YES_AGGRESSIVE;
				CLANG_CXX_LANGUAGE_STANDARD = "gnu++14";
				CLANG_CXX_LIBRARY = "libc++";
				CLANG_ENABLE_MODULES = YES;
				CLANG_ENABLE_OBJC_ARC = YES;
				CLANG_ENABLE_OBJC_WEAK = YES;
				CLANG_WARN_BLOCK_CAPTURE_AUTORELEASING = YES;
				CLANG_WARN_BOOL_CONVERSION = YES;
				CLANG_WARN_COMMA = YES;
				CLANG_WARN_CONSTANT_CONVERSION = YES;
				CLANG_WARN_DEPRECATED_OBJC_IMPLEMENTATIONS = YES;
				CLANG_WARN_DIRECT_OBJC_ISA_USAGE = YES_ERROR;
				CLANG_WARN_DOCUMENTATION_COMMENTS = YES;
				CLANG_WARN_EMPTY_BODY = YES;
				CLANG_WARN_ENUM_CONVERSION = YES;
				CLANG_WARN_INFINITE_RECURSION = YES;
				CLANG_WARN_INT_CONVERSION = YES;
				CLANG_WARN_NON_LITERAL_NULL_CONVERSION = YES;
				CLANG_WARN_OBJC_IMPLICIT_RETAIN_SELF = YES;
				CLANG_WARN_OBJC_LITERAL_CONVERSION = YES;
				CLANG_WARN_OBJC_ROOT_CLASS = YES_ERROR;
				CLANG_WARN_RANGE_LOOP_ANALYSIS = YES;
				CLANG_WARN_STRICT_PROTOTYPES = YES;
				CLANG_WARN_SUSPICIOUS_MOVE = YES;
				CLANG_WARN_UNGUARDED_AVAILABILITY = YES_AGGRESSIVE;
				CLANG_WARN_UNREACHABLE_CODE = YES;
				CLANG_WARN__DUPLICATE_METHOD_MATCH = YES;
				CODE_SIGN_IDENTITY = "iPhone Developer";
				COPY_PHASE_STRIP = NO;
				DEBUG_INFORMATION_FORMAT = "dwarf-with-dsym";
				ENABLE_NS_ASSERTIONS = NO;
				ENABLE_STRICT_OBJC_MSGSEND = YES;
				GCC_C_LANGUAGE_STANDARD = gnu11;
				GCC_NO_COMMON_BLOCKS = YES;
				GCC_WARN_64_TO_32_BIT_CONVERSION = YES;
				GCC_WARN_ABOUT_RETURN_TYPE = YES_ERROR;
				GCC_WARN_UNDECLARED_SELECTOR = YES;
				GCC_WARN_UNINITIALIZED_AUTOS = YES_AGGRESSIVE;
				GCC_WARN_UNUSED_FUNCTION = YES;
				GCC_WARN_UNUSED_VARIABLE = YES;
				IPHONEOS_DEPLOYMENT_TARGET = 12.4;
				MTL_ENABLE_DEBUG_INFO = NO;
				MTL_FAST_MATH = YES;
				SDKROOT = iphoneos;
				SWIFT_COMPILATION_MODE = wholemodule;
				SWIFT_OPTIMIZATION_LEVEL = "-O";
				VALIDATE_PRODUCT = YES;
			};
			name = Release;
		};
		4B7858CB23A7EC470003F64C /* Debug */ = {
			isa = XCBuildConfiguration;
			baseConfigurationReference = 9FD4DD9E5A6EF1FF99C59E62 /* Pods-HelloAMS.debug.xcconfig */;
			buildSettings = {
				ASSETCATALOG_COMPILER_APPICON_NAME = AppIcon;
				CODE_SIGN_STYLE = Automatic;
				INFOPLIST_FILE = HelloAMS/Info.plist;
				LD_RUNPATH_SEARCH_PATHS = (
					"$(inherited)",
					"@executable_path/Frameworks",
				);
				PRODUCT_BUNDLE_IDENTIFIER = jbogunia.HelloAMS;
				PRODUCT_NAME = "$(TARGET_NAME)";
				SWIFT_VERSION = 5.0;
				TARGETED_DEVICE_FAMILY = "1,2";
			};
			name = Debug;
		};
		4B7858CC23A7EC470003F64C /* Release */ = {
			isa = XCBuildConfiguration;
			baseConfigurationReference = F06B16D4971C1FA383A8BA21 /* Pods-HelloAMS.release.xcconfig */;
			buildSettings = {
				ASSETCATALOG_COMPILER_APPICON_NAME = AppIcon;
				CODE_SIGN_STYLE = Automatic;
				INFOPLIST_FILE = HelloAMS/Info.plist;
				LD_RUNPATH_SEARCH_PATHS = (
					"$(inherited)",
					"@executable_path/Frameworks",
				);
				PRODUCT_BUNDLE_IDENTIFIER = jbogunia.HelloAMS;
				PRODUCT_NAME = "$(TARGET_NAME)";
				SWIFT_VERSION = 5.0;
				TARGETED_DEVICE_FAMILY = "1,2";
			};
			name = Release;
		};
/* End XCBuildConfiguration section */

/* Begin XCConfigurationList section */
		4B7858B323A7EC410003F64C /* Build configuration list for PBXProject "HelloAMS" */ = {
			isa = XCConfigurationList;
			buildConfigurations = (
				4B7858C823A7EC470003F64C /* Debug */,
				4B7858C923A7EC470003F64C /* Release */,
			);
			defaultConfigurationIsVisible = 0;
			defaultConfigurationName = Release;
		};
		4B7858CA23A7EC470003F64C /* Build configuration list for PBXNativeTarget "HelloAMS" */ = {
			isa = XCConfigurationList;
			buildConfigurations = (
				4B7858CB23A7EC470003F64C /* Debug */,
				4B7858CC23A7EC470003F64C /* Release */,
			);
			defaultConfigurationIsVisible = 0;
			defaultConfigurationName = Release;
		};
/* End XCConfigurationList section */
	};
	rootObject = 4B7858B023A7EC410003F64C /* Project object */;
}
